
Microsoft Visual Studio Solution File, Format Version 12.00
# Visual Studio Version 16
VisualStudioVersion = 16.0.29521.150
MinimumVisualStudioVersion = 10.0.40219.1
Project("{9A19103F-16F7-4668-BE54-9A1E7A4F7556}") = "SodaMachineLibrary", "SodaMachineLibrary\SodaMachineLibrary.csproj", "{B530FC8F-8347-4ADF-A640-79BDE1EB4BFE}"
EndProject
Project("{9A19103F-16F7-4668-BE54-9A1E7A4F7556}") = "SodaMachineLibrary.Tests", "SodaMachineLibrary.Tests\SodaMachineLibrary.Tests.csproj", "{CECC64A1-65AE-4CBD-BA21-CAE53C4BC586}"
EndProject
Project("{FAE04EC0-301F-11D3-BF4B-00C04F79EFBC}") = "SodaMachineConsoleUI", "SodaMachineConsoleUI\SodaMachineConsoleUI.csproj", "{315ADD62-ECE6-464A-ACEA-F7AC7C776AF9}"
EndProject
Global
	GlobalSection(SolutionConfigurationPlatforms) = preSolution
		Debug|Any CPU = Debug|Any CPU
		Release|Any CPU = Release|Any CPU
	EndGlobalSection
	GlobalSection(ProjectConfigurationPlatforms) = postSolution
		{B530FC8F-8347-4ADF-A640-79BDE1EB4BFE}.Debug|Any CPU.ActiveCfg = Debug|Any CPU
		{B530FC8F-8347-4ADF-A640-79BDE1EB4BFE}.Debug|Any CPU.Build.0 = Debug|Any CPU
		{B530FC8F-8347-4ADF-A640-79BDE1EB4BFE}.Release|Any CPU.ActiveCfg = Release|Any CPU
		{B530FC8F-8347-4ADF-A640-79BDE1EB4BFE}.Release|Any CPU.Build.0 = Release|Any CPU
		{CECC64A1-65AE-4CBD-BA21-CAE53C4BC586}.Debug|Any CPU.ActiveCfg = Debug|Any CPU
		{CECC64A1-65AE-4CBD-BA21-CAE53C4BC586}.Debug|Any CPU.Build.0 = Debug|Any CPU
		{CECC64A1-65AE-4CBD-BA21-CAE53C4BC586}.Release|Any CPU.ActiveCfg = Release|Any CPU
		{CECC64A1-65AE-4CBD-BA21-CAE53C4BC586}.Release|Any CPU.Build.0 = Release|Any CPU
		{315ADD62-ECE6-464A-ACEA-F7AC7C776AF9}.Debug|Any CPU.ActiveCfg = Debug|Any CPU
		{315ADD62-ECE6-464A-ACEA-F7AC7C776AF9}.Debug|Any CPU.Build.0 = Debug|Any CPU
		{315ADD62-ECE6-464A-ACEA-F7AC7C776AF9}.Release|Any CPU.ActiveCfg = Release|Any CPU
		{315ADD62-ECE6-464A-ACEA-F7AC7C776AF9}.Release|Any CPU.Build.0 = Release|Any CPU
	EndGlobalSection
	GlobalSection(SolutionProperties) = preSolution
		HideSolutionNode = FALSE
	EndGlobalSection
	GlobalSection(ExtensibilityGlobals) = postSolution
		SolutionGuid = {37416022-453E-4B01-85FF-EBF3970B3400}
	EndGlobalSection
EndGlobal
